// !$*UTF8*$!
{
	archiveVersion = 1;
	classes = {
	};
	objectVersion = 55;
	objects = {

/* Begin PBXBuildFile section */
		04073B702C0AF18B00F1C6C2 /* AppDelegate.swift in Sources */ = {isa = PBXBuildFile; fileRef = 04073B6F2C0AF18B00F1C6C2 /* AppDelegate.swift */; };
		04073B722C0AF18B00F1C6C2 /* SceneDelegate.swift in Sources */ = {isa = PBXBuildFile; fileRef = 04073B712C0AF18B00F1C6C2 /* SceneDelegate.swift */; };
		04073B742C0AF18B00F1C6C2 /* ViewController.swift in Sources */ = {isa = PBXBuildFile; fileRef = 04073B732C0AF18B00F1C6C2 /* ViewController.swift */; };
		04073B772C0AF18C00F1C6C2 /* Base in Resources */ = {isa = PBXBuildFile; fileRef = 04073B762C0AF18C00F1C6C2 /* Base */; };
		04073B7A2C0AF18C00F1C6C2 /* AdminShopify.xcdatamodeld in Sources */ = {isa = PBXBuildFile; fileRef = 04073B782C0AF18C00F1C6C2 /* AdminShopify.xcdatamodeld */; };
		04073B7C2C0AF18E00F1C6C2 /* Assets.xcassets in Resources */ = {isa = PBXBuildFile; fileRef = 04073B7B2C0AF18E00F1C6C2 /* Assets.xcassets */; };
		04073B7F2C0AF18E00F1C6C2 /* Base in Resources */ = {isa = PBXBuildFile; fileRef = 04073B7E2C0AF18E00F1C6C2 /* Base */; };
		04073B8A2C0AF18E00F1C6C2 /* AdminShopifyTests.swift in Sources */ = {isa = PBXBuildFile; fileRef = 04073B892C0AF18E00F1C6C2 /* AdminShopifyTests.swift */; };
		04073B942C0AF18E00F1C6C2 /* AdminShopifyUITests.swift in Sources */ = {isa = PBXBuildFile; fileRef = 04073B932C0AF18E00F1C6C2 /* AdminShopifyUITests.swift */; };
		04073B962C0AF18E00F1C6C2 /* AdminShopifyUITestsLaunchTests.swift in Sources */ = {isa = PBXBuildFile; fileRef = 04073B952C0AF18E00F1C6C2 /* AdminShopifyUITestsLaunchTests.swift */; };
		040908442C10334E0064E40B /* AvaliableProductViewController.swift in Sources */ = {isa = PBXBuildFile; fileRef = 040908432C10334E0064E40B /* AvaliableProductViewController.swift */; };
		040A197B2C1236AC00F49FE5 /* AddProduct.swift in Sources */ = {isa = PBXBuildFile; fileRef = 040A197A2C1236AC00F49FE5 /* AddProduct.swift */; };
		040A197D2C12397B00F49FE5 /* BackVC.swift in Sources */ = {isa = PBXBuildFile; fileRef = 040A197C2C12397B00F49FE5 /* BackVC.swift */; };
		040A19832C12541500F49FE5 /* AddNewPriceRuleViewController.swift in Sources */ = {isa = PBXBuildFile; fileRef = 040A19822C12541500F49FE5 /* AddNewPriceRuleViewController.swift */; };
		040A19872C12617800F49FE5 /* AddNewVarientViewController.swift in Sources */ = {isa = PBXBuildFile; fileRef = 040A19862C12617800F49FE5 /* AddNewVarientViewController.swift */; };
		040B27BC2C14428A00ACBC2B /* AddProducts.swift in Sources */ = {isa = PBXBuildFile; fileRef = 040B27BB2C14428A00ACBC2B /* AddProducts.swift */; };
		041B0B0C2C23B74200C4B9F6 /* Done.json in Resources */ = {isa = PBXBuildFile; fileRef = 041B0B0B2C23B74200C4B9F6 /* Done.json */; };
		041B53E32C1C60ED0026660A /* PriceRuleViewModel.swift in Sources */ = {isa = PBXBuildFile; fileRef = 041B53E22C1C60ED0026660A /* PriceRuleViewModel.swift */; };
		041B53E62C1C615F0026660A /* CreatePriceRuleViewModel.swift in Sources */ = {isa = PBXBuildFile; fileRef = 041B53E52C1C615F0026660A /* CreatePriceRuleViewModel.swift */; };
		041E45FB2C0EF25C0071556C /* AllProductsTableViewCell.xib in Resources */ = {isa = PBXBuildFile; fileRef = 041E45FA2C0EF25C0071556C /* AllProductsTableViewCell.xib */; };
		041E45FC2C0EF25C0071556C /* AllProductsTableViewCell.swift in Sources */ = {isa = PBXBuildFile; fileRef = 041E45F92C0EF25C0071556C /* AllProductsTableViewCell.swift */; };
		041E45FE2C0EF61C0071556C /* AllProductsViewController.swift in Sources */ = {isa = PBXBuildFile; fileRef = 041E45FD2C0EF61C0071556C /* AllProductsViewController.swift */; };
		0426BD6A2C1C8DB700F56799 /* GetAllPriceResponse.swift in Sources */ = {isa = PBXBuildFile; fileRef = 0426BD692C1C8DB700F56799 /* GetAllPriceResponse.swift */; };
		042D78C32C0D19E500CE84C2 /* BrandsViewController.swift in Sources */ = {isa = PBXBuildFile; fileRef = 042D78C22C0D19E500CE84C2 /* BrandsViewController.swift */; };
		042D78C52C0D1CB800CE84C2 /* BrandsCollectionViewCell.swift in Sources */ = {isa = PBXBuildFile; fileRef = 042D78C42C0D1CB800CE84C2 /* BrandsCollectionViewCell.swift */; };
		0441FCEB2C0F18CD008959B8 /* PriceRulesTableViewCell.xib in Resources */ = {isa = PBXBuildFile; fileRef = 0441FCEA2C0F18CD008959B8 /* PriceRulesTableViewCell.xib */; };
		0441FCEC2C0F18CD008959B8 /* PriceRulesTableViewCell.swift in Sources */ = {isa = PBXBuildFile; fileRef = 0441FCE92C0F18CD008959B8 /* PriceRulesTableViewCell.swift */; };
		0441FCEE2C0F1D89008959B8 /* PriceRulesViewController.swift in Sources */ = {isa = PBXBuildFile; fileRef = 0441FCED2C0F1D89008959B8 /* PriceRulesViewController.swift */; };
		0447F8702C171F4900C22A58 /* AllProductViewModel.swift in Sources */ = {isa = PBXBuildFile; fileRef = 0447F86F2C171F4900C22A58 /* AllProductViewModel.swift */; };
		0447F8722C1726CA00C22A58 /* AllProducts.swift in Sources */ = {isa = PBXBuildFile; fileRef = 0447F8712C1726CA00C22A58 /* AllProducts.swift */; };
		0447F8742C17381D00C22A58 /* CreatePriceRule.swift in Sources */ = {isa = PBXBuildFile; fileRef = 0447F8732C17381D00C22A58 /* CreatePriceRule.swift */; };
		04685EB62C12E59300AA390E /* SmartCollection.swift in Sources */ = {isa = PBXBuildFile; fileRef = 04685EB52C12E59300AA390E /* SmartCollection.swift */; };
		048B6C002C136CAC00546854 /* BrandViewModel.swift in Sources */ = {isa = PBXBuildFile; fileRef = 048B6BFF2C136CAC00546854 /* BrandViewModel.swift */; };
		048B6C022C136D1B00546854 /* Endpoint.swift in Sources */ = {isa = PBXBuildFile; fileRef = 048B6C012C136D1B00546854 /* Endpoint.swift */; };
		048B6C062C13780A00546854 /* BrandProducts.swift in Sources */ = {isa = PBXBuildFile; fileRef = 048B6C052C13780A00546854 /* BrandProducts.swift */; };
		04A4C4272C0E4B7300EB7AFE /* NetworkManager.swift in Sources */ = {isa = PBXBuildFile; fileRef = 04A4C4262C0E4B7300EB7AFE /* NetworkManager.swift */; };
		04A714BD2C0BE187000F75D6 /* admin.json in Resources */ = {isa = PBXBuildFile; fileRef = 04A714BC2C0BE187000F75D6 /* admin.json */; };
		04A714C22C0BE311000F75D6 /* LoginViewController.swift in Sources */ = {isa = PBXBuildFile; fileRef = 04A714C12C0BE311000F75D6 /* LoginViewController.swift */; };
		04A809AD2C18B8F100129D0E /* UpdatedProductRequest.swift in Sources */ = {isa = PBXBuildFile; fileRef = 04A809AC2C18B8F100129D0E /* UpdatedProductRequest.swift */; };
		04C14BA12C29A72800C55BB4 /* NetworkApiTesting.swift in Sources */ = {isa = PBXBuildFile; fileRef = 04C14BA02C29A72800C55BB4 /* NetworkApiTesting.swift */; };
		04DB7B202C0BA51C00D6C3DE /* Constants.swift in Sources */ = {isa = PBXBuildFile; fileRef = 04DB7B1F2C0BA51C00D6C3DE /* Constants.swift */; };
		04DB7B242C0BA56E00D6C3DE /* Connectivity.swift in Sources */ = {isa = PBXBuildFile; fileRef = 04DB7B232C0BA56E00D6C3DE /* Connectivity.swift */; };
		04EDC0EE2C15DECB00A9E1E7 /* AddVarientProductViewController.swift in Sources */ = {isa = PBXBuildFile; fileRef = 04EDC0ED2C15DECB00A9E1E7 /* AddVarientProductViewController.swift */; };
		04F470272C14942E00B031A5 /* AddProductViewModel.swift in Sources */ = {isa = PBXBuildFile; fileRef = 04F470262C14942E00B031A5 /* AddProductViewModel.swift */; };
		04F5324F2C1DAF0D008C83F7 /* DiscountCodeViewController.swift in Sources */ = {isa = PBXBuildFile; fileRef = 04F5324E2C1DAF0D008C83F7 /* DiscountCodeViewController.swift */; };
		04F532512C1DB279008C83F7 /* DiscountCodeViewModel.swift in Sources */ = {isa = PBXBuildFile; fileRef = 04F532502C1DB279008C83F7 /* DiscountCodeViewModel.swift */; };
		04F532532C1DB5BE008C83F7 /* GetDiscountCodes.swift in Sources */ = {isa = PBXBuildFile; fileRef = 04F532522C1DB5BE008C83F7 /* GetDiscountCodes.swift */; };
		04F532552C1DE045008C83F7 /* PostDiscountOrder.swift in Sources */ = {isa = PBXBuildFile; fileRef = 04F532542C1DE045008C83F7 /* PostDiscountOrder.swift */; };
		04F79A992C10F74F00A0205E /* EditableProductDetailsViewController.swift in Sources */ = {isa = PBXBuildFile; fileRef = 04F79A982C10F74F00A0205E /* EditableProductDetailsViewController.swift */; };
		04F79A9B2C10F79200A0205E /* EditableProductDetailsCollectionViewCell.swift in Sources */ = {isa = PBXBuildFile; fileRef = 04F79A9A2C10F79200A0205E /* EditableProductDetailsCollectionViewCell.swift */; };
		04F8BEF52C1389CE0031979A /* BrandProductViewModel.swift in Sources */ = {isa = PBXBuildFile; fileRef = 04F8BEF42C1389CE0031979A /* BrandProductViewModel.swift */; };
		04F8BEF72C13A08A0031979A /* Secrits.swift in Sources */ = {isa = PBXBuildFile; fileRef = 04F8BEF62C13A08A0031979A /* Secrits.swift */; };
		04FBA9C62C17EE9A0078A12E /* EditableViewModel.swift in Sources */ = {isa = PBXBuildFile; fileRef = 04FBA9C52C17EE9A0078A12E /* EditableViewModel.swift */; };
		780C55FCA666FFAE267545B5 /* Pods_AdminShopify.framework in Frameworks */ = {isa = PBXBuildFile; fileRef = D4B1FA838A84AB78B10A81B3 /* Pods_AdminShopify.framework */; };
/* End PBXBuildFile section */

/* Begin PBXContainerItemProxy section */
		04073B862C0AF18E00F1C6C2 /* PBXContainerItemProxy */ = {
			isa = PBXContainerItemProxy;
			containerPortal = 04073B642C0AF18B00F1C6C2 /* Project object */;
			proxyType = 1;
			remoteGlobalIDString = 04073B6B2C0AF18B00F1C6C2;
			remoteInfo = AdminShopify;
		};
		04073B902C0AF18E00F1C6C2 /* PBXContainerItemProxy */ = {
			isa = PBXContainerItemProxy;
			containerPortal = 04073B642C0AF18B00F1C6C2 /* Project object */;
			proxyType = 1;
			remoteGlobalIDString = 04073B6B2C0AF18B00F1C6C2;
			remoteInfo = AdminShopify;
		};
/* End PBXContainerItemProxy section */

/* Begin PBXFileReference section */
		04073B6C2C0AF18B00F1C6C2 /* AdminShopify.app */ = {isa = PBXFileReference; explicitFileType = wrapper.application; includeInIndex = 0; path = AdminShopify.app; sourceTree = BUILT_PRODUCTS_DIR; };
		04073B6F2C0AF18B00F1C6C2 /* AppDelegate.swift */ = {isa = PBXFileReference; lastKnownFileType = sourcecode.swift; path = AppDelegate.swift; sourceTree = "<group>"; };
		04073B712C0AF18B00F1C6C2 /* SceneDelegate.swift */ = {isa = PBXFileReference; lastKnownFileType = sourcecode.swift; path = SceneDelegate.swift; sourceTree = "<group>"; };
		04073B732C0AF18B00F1C6C2 /* ViewController.swift */ = {isa = PBXFileReference; lastKnownFileType = sourcecode.swift; path = ViewController.swift; sourceTree = "<group>"; };
		04073B762C0AF18C00F1C6C2 /* Base */ = {isa = PBXFileReference; lastKnownFileType = file.storyboard; name = Base; path = Base.lproj/Main.storyboard; sourceTree = "<group>"; };
		04073B792C0AF18C00F1C6C2 /* AdminShopify.xcdatamodel */ = {isa = PBXFileReference; lastKnownFileType = wrapper.xcdatamodel; path = AdminShopify.xcdatamodel; sourceTree = "<group>"; };
		04073B7B2C0AF18E00F1C6C2 /* Assets.xcassets */ = {isa = PBXFileReference; lastKnownFileType = folder.assetcatalog; path = Assets.xcassets; sourceTree = "<group>"; };
		04073B7E2C0AF18E00F1C6C2 /* Base */ = {isa = PBXFileReference; lastKnownFileType = file.storyboard; name = Base; path = Base.lproj/LaunchScreen.storyboard; sourceTree = "<group>"; };
		04073B802C0AF18E00F1C6C2 /* Info.plist */ = {isa = PBXFileReference; lastKnownFileType = text.plist.xml; path = Info.plist; sourceTree = "<group>"; };
		04073B852C0AF18E00F1C6C2 /* AdminShopifyTests.xctest */ = {isa = PBXFileReference; explicitFileType = wrapper.cfbundle; includeInIndex = 0; path = AdminShopifyTests.xctest; sourceTree = BUILT_PRODUCTS_DIR; };
		04073B892C0AF18E00F1C6C2 /* AdminShopifyTests.swift */ = {isa = PBXFileReference; lastKnownFileType = sourcecode.swift; path = AdminShopifyTests.swift; sourceTree = "<group>"; };
		04073B8F2C0AF18E00F1C6C2 /* AdminShopifyUITests.xctest */ = {isa = PBXFileReference; explicitFileType = wrapper.cfbundle; includeInIndex = 0; path = AdminShopifyUITests.xctest; sourceTree = BUILT_PRODUCTS_DIR; };
		04073B932C0AF18E00F1C6C2 /* AdminShopifyUITests.swift */ = {isa = PBXFileReference; lastKnownFileType = sourcecode.swift; path = AdminShopifyUITests.swift; sourceTree = "<group>"; };
		04073B952C0AF18E00F1C6C2 /* AdminShopifyUITestsLaunchTests.swift */ = {isa = PBXFileReference; lastKnownFileType = sourcecode.swift; path = AdminShopifyUITestsLaunchTests.swift; sourceTree = "<group>"; };
		040908432C10334E0064E40B /* AvaliableProductViewController.swift */ = {isa = PBXFileReference; lastKnownFileType = sourcecode.swift; path = AvaliableProductViewController.swift; sourceTree = "<group>"; };
		040A197A2C1236AC00F49FE5 /* AddProduct.swift */ = {isa = PBXFileReference; lastKnownFileType = sourcecode.swift; path = AddProduct.swift; sourceTree = "<group>"; };
		040A197C2C12397B00F49FE5 /* BackVC.swift */ = {isa = PBXFileReference; lastKnownFileType = sourcecode.swift; path = BackVC.swift; sourceTree = "<group>"; };
		040A19822C12541500F49FE5 /* AddNewPriceRuleViewController.swift */ = {isa = PBXFileReference; lastKnownFileType = sourcecode.swift; path = AddNewPriceRuleViewController.swift; sourceTree = "<group>"; };
		040A19862C12617800F49FE5 /* AddNewVarientViewController.swift */ = {isa = PBXFileReference; lastKnownFileType = sourcecode.swift; path = AddNewVarientViewController.swift; sourceTree = "<group>"; };
		040B27BB2C14428A00ACBC2B /* AddProducts.swift */ = {isa = PBXFileReference; lastKnownFileType = sourcecode.swift; path = AddProducts.swift; sourceTree = "<group>"; };
		041B0B0B2C23B74200C4B9F6 /* Done.json */ = {isa = PBXFileReference; fileEncoding = 4; lastKnownFileType = text.json; path = Done.json; sourceTree = "<group>"; };
		041B53E22C1C60ED0026660A /* PriceRuleViewModel.swift */ = {isa = PBXFileReference; lastKnownFileType = sourcecode.swift; path = PriceRuleViewModel.swift; sourceTree = "<group>"; };
		041B53E52C1C615F0026660A /* CreatePriceRuleViewModel.swift */ = {isa = PBXFileReference; lastKnownFileType = sourcecode.swift; path = CreatePriceRuleViewModel.swift; sourceTree = "<group>"; };
		041E45F92C0EF25C0071556C /* AllProductsTableViewCell.swift */ = {isa = PBXFileReference; lastKnownFileType = sourcecode.swift; path = AllProductsTableViewCell.swift; sourceTree = "<group>"; };
		041E45FA2C0EF25C0071556C /* AllProductsTableViewCell.xib */ = {isa = PBXFileReference; lastKnownFileType = file.xib; path = AllProductsTableViewCell.xib; sourceTree = "<group>"; };
		041E45FD2C0EF61C0071556C /* AllProductsViewController.swift */ = {isa = PBXFileReference; lastKnownFileType = sourcecode.swift; path = AllProductsViewController.swift; sourceTree = "<group>"; };
		0426BD692C1C8DB700F56799 /* GetAllPriceResponse.swift */ = {isa = PBXFileReference; lastKnownFileType = sourcecode.swift; path = GetAllPriceResponse.swift; sourceTree = "<group>"; };
		042D78C22C0D19E500CE84C2 /* BrandsViewController.swift */ = {isa = PBXFileReference; lastKnownFileType = sourcecode.swift; path = BrandsViewController.swift; sourceTree = "<group>"; };
		042D78C42C0D1CB800CE84C2 /* BrandsCollectionViewCell.swift */ = {isa = PBXFileReference; lastKnownFileType = sourcecode.swift; path = BrandsCollectionViewCell.swift; sourceTree = "<group>"; };
		0441FCE92C0F18CD008959B8 /* PriceRulesTableViewCell.swift */ = {isa = PBXFileReference; lastKnownFileType = sourcecode.swift; path = PriceRulesTableViewCell.swift; sourceTree = "<group>"; };
		0441FCEA2C0F18CD008959B8 /* PriceRulesTableViewCell.xib */ = {isa = PBXFileReference; lastKnownFileType = file.xib; path = PriceRulesTableViewCell.xib; sourceTree = "<group>"; };
		0441FCED2C0F1D89008959B8 /* PriceRulesViewController.swift */ = {isa = PBXFileReference; lastKnownFileType = sourcecode.swift; path = PriceRulesViewController.swift; sourceTree = "<group>"; };
		0447F86F2C171F4900C22A58 /* AllProductViewModel.swift */ = {isa = PBXFileReference; lastKnownFileType = sourcecode.swift; path = AllProductViewModel.swift; sourceTree = "<group>"; };
		0447F8712C1726CA00C22A58 /* AllProducts.swift */ = {isa = PBXFileReference; lastKnownFileType = sourcecode.swift; path = AllProducts.swift; sourceTree = "<group>"; };
		0447F8732C17381D00C22A58 /* CreatePriceRule.swift */ = {isa = PBXFileReference; lastKnownFileType = sourcecode.swift; path = CreatePriceRule.swift; sourceTree = "<group>"; };
		04685EB52C12E59300AA390E /* SmartCollection.swift */ = {isa = PBXFileReference; lastKnownFileType = sourcecode.swift; path = SmartCollection.swift; sourceTree = "<group>"; };
		048B6BFF2C136CAC00546854 /* BrandViewModel.swift */ = {isa = PBXFileReference; lastKnownFileType = sourcecode.swift; path = BrandViewModel.swift; sourceTree = "<group>"; };
		048B6C012C136D1B00546854 /* Endpoint.swift */ = {isa = PBXFileReference; lastKnownFileType = sourcecode.swift; path = Endpoint.swift; sourceTree = "<group>"; };
		048B6C052C13780A00546854 /* BrandProducts.swift */ = {isa = PBXFileReference; lastKnownFileType = sourcecode.swift; path = BrandProducts.swift; sourceTree = "<group>"; };
		04A4C4262C0E4B7300EB7AFE /* NetworkManager.swift */ = {isa = PBXFileReference; lastKnownFileType = sourcecode.swift; path = NetworkManager.swift; sourceTree = "<group>"; };
		04A714BC2C0BE187000F75D6 /* admin.json */ = {isa = PBXFileReference; fileEncoding = 4; lastKnownFileType = text.json; name = admin.json; path = ../../../../../../../Downloads/admin.json; sourceTree = "<group>"; };
		04A714C12C0BE311000F75D6 /* LoginViewController.swift */ = {isa = PBXFileReference; lastKnownFileType = sourcecode.swift; path = LoginViewController.swift; sourceTree = "<group>"; };
		04A809AC2C18B8F100129D0E /* UpdatedProductRequest.swift */ = {isa = PBXFileReference; lastKnownFileType = sourcecode.swift; path = UpdatedProductRequest.swift; sourceTree = "<group>"; };
		04C14BA02C29A72800C55BB4 /* NetworkApiTesting.swift */ = {isa = PBXFileReference; lastKnownFileType = sourcecode.swift; path = NetworkApiTesting.swift; sourceTree = "<group>"; };
		04DB7B1F2C0BA51C00D6C3DE /* Constants.swift */ = {isa = PBXFileReference; lastKnownFileType = sourcecode.swift; path = Constants.swift; sourceTree = "<group>"; };
		04DB7B232C0BA56E00D6C3DE /* Connectivity.swift */ = {isa = PBXFileReference; lastKnownFileType = sourcecode.swift; path = Connectivity.swift; sourceTree = "<group>"; };
		04EDC0ED2C15DECB00A9E1E7 /* AddVarientProductViewController.swift */ = {isa = PBXFileReference; lastKnownFileType = sourcecode.swift; path = AddVarientProductViewController.swift; sourceTree = "<group>"; };
		04F470262C14942E00B031A5 /* AddProductViewModel.swift */ = {isa = PBXFileReference; lastKnownFileType = sourcecode.swift; path = AddProductViewModel.swift; sourceTree = "<group>"; };
		04F5324E2C1DAF0D008C83F7 /* DiscountCodeViewController.swift */ = {isa = PBXFileReference; lastKnownFileType = sourcecode.swift; path = DiscountCodeViewController.swift; sourceTree = "<group>"; };
		04F532502C1DB279008C83F7 /* DiscountCodeViewModel.swift */ = {isa = PBXFileReference; lastKnownFileType = sourcecode.swift; path = DiscountCodeViewModel.swift; sourceTree = "<group>"; };
		04F532522C1DB5BE008C83F7 /* GetDiscountCodes.swift */ = {isa = PBXFileReference; lastKnownFileType = sourcecode.swift; path = GetDiscountCodes.swift; sourceTree = "<group>"; };
		04F532542C1DE045008C83F7 /* PostDiscountOrder.swift */ = {isa = PBXFileReference; lastKnownFileType = sourcecode.swift; path = PostDiscountOrder.swift; sourceTree = "<group>"; };
		04F79A982C10F74F00A0205E /* EditableProductDetailsViewController.swift */ = {isa = PBXFileReference; lastKnownFileType = sourcecode.swift; path = EditableProductDetailsViewController.swift; sourceTree = "<group>"; };
		04F79A9A2C10F79200A0205E /* EditableProductDetailsCollectionViewCell.swift */ = {isa = PBXFileReference; lastKnownFileType = sourcecode.swift; path = EditableProductDetailsCollectionViewCell.swift; sourceTree = "<group>"; };
		04F8BEF42C1389CE0031979A /* BrandProductViewModel.swift */ = {isa = PBXFileReference; lastKnownFileType = sourcecode.swift; path = BrandProductViewModel.swift; sourceTree = "<group>"; };
		04F8BEF62C13A08A0031979A /* Secrits.swift */ = {isa = PBXFileReference; lastKnownFileType = sourcecode.swift; path = Secrits.swift; sourceTree = "<group>"; };
		04FBA9C52C17EE9A0078A12E /* EditableViewModel.swift */ = {isa = PBXFileReference; lastKnownFileType = sourcecode.swift; path = EditableViewModel.swift; sourceTree = "<group>"; };
		5C7D75F5837A942C57070C14 /* Pods-AdminShopify.debug.xcconfig */ = {isa = PBXFileReference; includeInIndex = 1; lastKnownFileType = text.xcconfig; name = "Pods-AdminShopify.debug.xcconfig"; path = "Target Support Files/Pods-AdminShopify/Pods-AdminShopify.debug.xcconfig"; sourceTree = "<group>"; };
		D4B1FA838A84AB78B10A81B3 /* Pods_AdminShopify.framework */ = {isa = PBXFileReference; explicitFileType = wrapper.framework; includeInIndex = 0; path = Pods_AdminShopify.framework; sourceTree = BUILT_PRODUCTS_DIR; };
		F9E17E58945CE9921ABD960A /* Pods-AdminShopify.release.xcconfig */ = {isa = PBXFileReference; includeInIndex = 1; lastKnownFileType = text.xcconfig; name = "Pods-AdminShopify.release.xcconfig"; path = "Target Support Files/Pods-AdminShopify/Pods-AdminShopify.release.xcconfig"; sourceTree = "<group>"; };
/* End PBXFileReference section */

/* Begin PBXFrameworksBuildPhase section */
		04073B692C0AF18B00F1C6C2 /* Frameworks */ = {
			isa = PBXFrameworksBuildPhase;
			buildActionMask = 2147483647;
			files = (
				780C55FCA666FFAE267545B5 /* Pods_AdminShopify.framework in Frameworks */,
			);
			runOnlyForDeploymentPostprocessing = 0;
		};
		04073B822C0AF18E00F1C6C2 /* Frameworks */ = {
			isa = PBXFrameworksBuildPhase;
			buildActionMask = 2147483647;
			files = (
			);
			runOnlyForDeploymentPostprocessing = 0;
		};
		04073B8C2C0AF18E00F1C6C2 /* Frameworks */ = {
			isa = PBXFrameworksBuildPhase;
			buildActionMask = 2147483647;
			files = (
			);
			runOnlyForDeploymentPostprocessing = 0;
		};
/* End PBXFrameworksBuildPhase section */

/* Begin PBXGroup section */
		04073B632C0AF18B00F1C6C2 = {
			isa = PBXGroup;
			children = (
				04073B6E2C0AF18B00F1C6C2 /* AdminShopify */,
				04073B882C0AF18E00F1C6C2 /* AdminShopifyTests */,
				04073B6D2C0AF18B00F1C6C2 /* Products */,
				D7852775953376E6663C127C /* Pods */,
				E903917D02189CDEC000CC27 /* Frameworks */,
			);
			sourceTree = "<group>";
		};
		04073B6D2C0AF18B00F1C6C2 /* Products */ = {
			isa = PBXGroup;
			children = (
				04073B6C2C0AF18B00F1C6C2 /* AdminShopify.app */,
				04073B852C0AF18E00F1C6C2 /* AdminShopifyTests.xctest */,
				04073B8F2C0AF18E00F1C6C2 /* AdminShopifyUITests.xctest */,
			);
			name = Products;
			sourceTree = "<group>";
		};
		04073B6E2C0AF18B00F1C6C2 /* AdminShopify */ = {
			isa = PBXGroup;
			children = (
				04685EB42C12E2A000AA390E /* Models */,
				04DB7B282C0BA60E00D6C3DE /* Assets */,
				04DB7B262C0BA59600D6C3DE /* Modules */,
				04DB7B212C0BA55000D6C3DE /* Servies */,
				04DB7B1E2C0BA4DD00D6C3DE /* Utilities */,
				04073B6F2C0AF18B00F1C6C2 /* AppDelegate.swift */,
				04073B712C0AF18B00F1C6C2 /* SceneDelegate.swift */,
				04073B732C0AF18B00F1C6C2 /* ViewController.swift */,
				04073B752C0AF18C00F1C6C2 /* Main.storyboard */,
				04073B7B2C0AF18E00F1C6C2 /* Assets.xcassets */,
				04073B7D2C0AF18E00F1C6C2 /* LaunchScreen.storyboard */,
				04073B802C0AF18E00F1C6C2 /* Info.plist */,
				04073B782C0AF18C00F1C6C2 /* AdminShopify.xcdatamodeld */,
				04F8BEF62C13A08A0031979A /* Secrits.swift */,
				04073B922C0AF18E00F1C6C2 /* AdminShopifyUITests */,
			);
			path = AdminShopify;
			sourceTree = "<group>";
		};
		04073B882C0AF18E00F1C6C2 /* AdminShopifyTests */ = {
			isa = PBXGroup;
			children = (
				04C14B9E2C29A6EF00C55BB4 /* ServiceTesting */,
				04073B892C0AF18E00F1C6C2 /* AdminShopifyTests.swift */,
			);
			path = AdminShopifyTests;
			sourceTree = "<group>";
		};
		04073B922C0AF18E00F1C6C2 /* AdminShopifyUITests */ = {
			isa = PBXGroup;
			children = (
				04073B932C0AF18E00F1C6C2 /* AdminShopifyUITests.swift */,
				04073B952C0AF18E00F1C6C2 /* AdminShopifyUITestsLaunchTests.swift */,
			);
			path = AdminShopifyUITests;
			sourceTree = "<group>";
		};
		040908402C1033050064E40B /* AvaliableBrandProduct */ = {
			isa = PBXGroup;
			children = (
				04F8BEF32C1389A30031979A /* viewModel */,
				040908422C1033260064E40B /* view */,
			);
			path = AvaliableBrandProduct;
			sourceTree = "<group>";
		};
		040908422C1033260064E40B /* view */ = {
			isa = PBXGroup;
			children = (
				040908432C10334E0064E40B /* AvaliableProductViewController.swift */,
			);
			path = view;
			sourceTree = "<group>";
		};
		040A19772C12366600F49FE5 /* AddProduct */ = {
			isa = PBXGroup;
			children = (
				04F470252C14941600B031A5 /* viewModel */,
				040A19792C12367C00F49FE5 /* view */,
			);
			path = AddProduct;
			sourceTree = "<group>";
		};
		040A19792C12367C00F49FE5 /* view */ = {
			isa = PBXGroup;
			children = (
				040A197A2C1236AC00F49FE5 /* AddProduct.swift */,
				04EDC0ED2C15DECB00A9E1E7 /* AddVarientProductViewController.swift */,
			);
			path = view;
			sourceTree = "<group>";
		};
		040A197E2C123CA700F49FE5 /* common */ = {
			isa = PBXGroup;
			children = (
				040A197C2C12397B00F49FE5 /* BackVC.swift */,
			);
			path = common;
			sourceTree = "<group>";
		};
		040A197F2C1253E300F49FE5 /* AddNewPriceRule */ = {
			isa = PBXGroup;
			children = (
				041B53E42C1C61340026660A /* viewmodel */,
				040A19812C1253F800F49FE5 /* view */,
			);
			path = AddNewPriceRule;
			sourceTree = "<group>";
		};
		040A19812C1253F800F49FE5 /* view */ = {
			isa = PBXGroup;
			children = (
				040A19822C12541500F49FE5 /* AddNewPriceRuleViewController.swift */,
			);
			path = view;
			sourceTree = "<group>";
		};
		041B53E12C1C60CC0026660A /* viewmodel */ = {
			isa = PBXGroup;
			children = (
				041B53E22C1C60ED0026660A /* PriceRuleViewModel.swift */,
			);
			path = viewmodel;
			sourceTree = "<group>";
		};
		041B53E42C1C61340026660A /* viewmodel */ = {
			isa = PBXGroup;
			children = (
				041B53E52C1C615F0026660A /* CreatePriceRuleViewModel.swift */,
			);
			name = viewmodel;
			sourceTree = "<group>";
		};
		041E45F62C0EF1BE0071556C /* AllProducts */ = {
			isa = PBXGroup;
			children = (
				0447F86E2C171F2700C22A58 /* ViewModel */,
				041E45F82C0EF1F20071556C /* view */,
			);
			path = AllProducts;
			sourceTree = "<group>";
		};
		041E45F82C0EF1F20071556C /* view */ = {
			isa = PBXGroup;
			children = (
				041E45F92C0EF25C0071556C /* AllProductsTableViewCell.swift */,
				041E45FA2C0EF25C0071556C /* AllProductsTableViewCell.xib */,
				041E45FD2C0EF61C0071556C /* AllProductsViewController.swift */,
			);
			path = view;
			sourceTree = "<group>";
		};
		042D78BD2C0D173700CE84C2 /* BrandScreen */ = {
			isa = PBXGroup;
			children = (
				042D78BF2C0D175900CE84C2 /* View */,
				042D78BE2C0D174600CE84C2 /* Viewmodel */,
			);
			path = BrandScreen;
			sourceTree = "<group>";
		};
		042D78BE2C0D174600CE84C2 /* Viewmodel */ = {
			isa = PBXGroup;
			children = (
				048B6BFF2C136CAC00546854 /* BrandViewModel.swift */,
			);
			path = Viewmodel;
			sourceTree = "<group>";
		};
		042D78BF2C0D175900CE84C2 /* View */ = {
			isa = PBXGroup;
			children = (
				042D78C22C0D19E500CE84C2 /* BrandsViewController.swift */,
				042D78C42C0D1CB800CE84C2 /* BrandsCollectionViewCell.swift */,
			);
			path = View;
			sourceTree = "<group>";
		};
		0441FCE62C0F1881008959B8 /* PriceRules */ = {
			isa = PBXGroup;
			children = (
				041B53E12C1C60CC0026660A /* viewmodel */,
				0441FCE82C0F18A0008959B8 /* view */,
			);
			path = PriceRules;
			sourceTree = "<group>";
		};
		0441FCE82C0F18A0008959B8 /* view */ = {
			isa = PBXGroup;
			children = (
				0441FCE92C0F18CD008959B8 /* PriceRulesTableViewCell.swift */,
				0441FCEA2C0F18CD008959B8 /* PriceRulesTableViewCell.xib */,
				0441FCED2C0F1D89008959B8 /* PriceRulesViewController.swift */,
			);
			path = view;
			sourceTree = "<group>";
		};
		0447F86E2C171F2700C22A58 /* ViewModel */ = {
			isa = PBXGroup;
			children = (
				0447F86F2C171F4900C22A58 /* AllProductViewModel.swift */,
			);
			path = ViewModel;
			sourceTree = "<group>";
		};
		04685EB42C12E2A000AA390E /* Models */ = {
			isa = PBXGroup;
			children = (
				04685EB52C12E59300AA390E /* SmartCollection.swift */,
				048B6C052C13780A00546854 /* BrandProducts.swift */,
				040B27BB2C14428A00ACBC2B /* AddProducts.swift */,
				0447F8712C1726CA00C22A58 /* AllProducts.swift */,
				0447F8732C17381D00C22A58 /* CreatePriceRule.swift */,
				04A809AC2C18B8F100129D0E /* UpdatedProductRequest.swift */,
				0426BD692C1C8DB700F56799 /* GetAllPriceResponse.swift */,
				04F532522C1DB5BE008C83F7 /* GetDiscountCodes.swift */,
				04F532542C1DE045008C83F7 /* PostDiscountOrder.swift */,
			);
			path = Models;
			sourceTree = "<group>";
		};
		04A4C4252C0E4B6100EB7AFE /* Networking */ = {
			isa = PBXGroup;
			children = (
				04A4C4262C0E4B7300EB7AFE /* NetworkManager.swift */,
				048B6C012C136D1B00546854 /* Endpoint.swift */,
			);
			path = Networking;
			sourceTree = "<group>";
		};
		04A714BE2C0BE2DC000F75D6 /* LoginScreen */ = {
			isa = PBXGroup;
			children = (
				04A714C02C0BE2FA000F75D6 /* viewmodel */,
				04A714BF2C0BE2F2000F75D6 /* view */,
			);
			path = LoginScreen;
			sourceTree = "<group>";
		};
		04A714BF2C0BE2F2000F75D6 /* view */ = {
			isa = PBXGroup;
			children = (
				04A714C12C0BE311000F75D6 /* LoginViewController.swift */,
			);
			path = view;
			sourceTree = "<group>";
		};
		04A714C02C0BE2FA000F75D6 /* viewmodel */ = {
			isa = PBXGroup;
			children = (
			);
			path = viewmodel;
			sourceTree = "<group>";
		};
		04C14B9E2C29A6EF00C55BB4 /* ServiceTesting */ = {
			isa = PBXGroup;
			children = (
				04C14B9F2C29A6FC00C55BB4 /* Network */,
			);
			path = ServiceTesting;
			sourceTree = "<group>";
		};
		04C14B9F2C29A6FC00C55BB4 /* Network */ = {
			isa = PBXGroup;
			children = (
				04C14BA02C29A72800C55BB4 /* NetworkApiTesting.swift */,
			);
			path = Network;
			sourceTree = "<group>";
		};
		04DB7B1E2C0BA4DD00D6C3DE /* Utilities */ = {
			isa = PBXGroup;
			children = (
				040A197E2C123CA700F49FE5 /* common */,
				04DB7B1F2C0BA51C00D6C3DE /* Constants.swift */,
			);
			path = Utilities;
			sourceTree = "<group>";
		};
		04DB7B212C0BA55000D6C3DE /* Servies */ = {
			isa = PBXGroup;
			children = (
				04A4C4252C0E4B6100EB7AFE /* Networking */,
				04DB7B222C0BA55700D6C3DE /* Connectivity */,
			);
			path = Servies;
			sourceTree = "<group>";
		};
		04DB7B222C0BA55700D6C3DE /* Connectivity */ = {
			isa = PBXGroup;
			children = (
				04DB7B232C0BA56E00D6C3DE /* Connectivity.swift */,
			);
			path = Connectivity;
			sourceTree = "<group>";
		};
		04DB7B262C0BA59600D6C3DE /* Modules */ = {
			isa = PBXGroup;
			children = (
				040A19772C12366600F49FE5 /* AddProduct */,
				04F5324A2C1DAECC008C83F7 /* DiscountCodes */,
				040A197F2C1253E300F49FE5 /* AddNewPriceRule */,
				04F79A952C10F6F400A0205E /* EditableProductDetais */,
				040908402C1033050064E40B /* AvaliableBrandProduct */,
				0441FCE62C0F1881008959B8 /* PriceRules */,
				041E45F62C0EF1BE0071556C /* AllProducts */,
				042D78BD2C0D173700CE84C2 /* BrandScreen */,
				04A714BE2C0BE2DC000F75D6 /* LoginScreen */,
			);
			path = Modules;
			sourceTree = "<group>";
		};
		04DB7B282C0BA60E00D6C3DE /* Assets */ = {
			isa = PBXGroup;
			children = (
				04DB7B292C0BA61600D6C3DE /* Lottie Files */,
			);
			path = Assets;
			sourceTree = "<group>";
		};
		04DB7B292C0BA61600D6C3DE /* Lottie Files */ = {
			isa = PBXGroup;
			children = (
				041B0B0B2C23B74200C4B9F6 /* Done.json */,
				04A714BC2C0BE187000F75D6 /* admin.json */,
			);
			path = "Lottie Files";
			sourceTree = "<group>";
		};
		04F470252C14941600B031A5 /* viewModel */ = {
			isa = PBXGroup;
			children = (
				04F470262C14942E00B031A5 /* AddProductViewModel.swift */,
			);
			path = viewModel;
			sourceTree = "<group>";
		};
		04F5324A2C1DAECC008C83F7 /* DiscountCodes */ = {
			isa = PBXGroup;
			children = (
				04F5324D2C1DAEF4008C83F7 /* view */,
				04F5324B2C1DAED7008C83F7 /* viewmodel */,
			);
			path = DiscountCodes;
			sourceTree = "<group>";
		};
		04F5324B2C1DAED7008C83F7 /* viewmodel */ = {
			isa = PBXGroup;
			children = (
				04F532502C1DB279008C83F7 /* DiscountCodeViewModel.swift */,
			);
			path = viewmodel;
			sourceTree = "<group>";
		};
		04F5324D2C1DAEF4008C83F7 /* view */ = {
			isa = PBXGroup;
			children = (
				04F5324E2C1DAF0D008C83F7 /* DiscountCodeViewController.swift */,
			);
			path = view;
			sourceTree = "<group>";
		};
		04F79A952C10F6F400A0205E /* EditableProductDetais */ = {
			isa = PBXGroup;
			children = (
				04FBA9C42C17EA7B0078A12E /* viewModel */,
				04F79A962C10F71200A0205E /* view */,
			);
			path = EditableProductDetais;
			sourceTree = "<group>";
		};
		04F79A962C10F71200A0205E /* view */ = {
			isa = PBXGroup;
			children = (
				040A19862C12617800F49FE5 /* AddNewVarientViewController.swift */,
				04F79A982C10F74F00A0205E /* EditableProductDetailsViewController.swift */,
				04F79A9A2C10F79200A0205E /* EditableProductDetailsCollectionViewCell.swift */,
			);
			path = view;
			sourceTree = "<group>";
		};
		04F8BEF32C1389A30031979A /* viewModel */ = {
			isa = PBXGroup;
			children = (
				04F8BEF42C1389CE0031979A /* BrandProductViewModel.swift */,
			);
			path = viewModel;
			sourceTree = "<group>";
		};
		04FBA9C42C17EA7B0078A12E /* viewModel */ = {
			isa = PBXGroup;
			children = (
				04FBA9C52C17EE9A0078A12E /* EditableViewModel.swift */,
			);
			path = viewModel;
			sourceTree = "<group>";
		};
		D7852775953376E6663C127C /* Pods */ = {
			isa = PBXGroup;
			children = (
				5C7D75F5837A942C57070C14 /* Pods-AdminShopify.debug.xcconfig */,
				F9E17E58945CE9921ABD960A /* Pods-AdminShopify.release.xcconfig */,
			);
			path = Pods;
			sourceTree = "<group>";
		};
		E903917D02189CDEC000CC27 /* Frameworks */ = {
			isa = PBXGroup;
			children = (
				D4B1FA838A84AB78B10A81B3 /* Pods_AdminShopify.framework */,
			);
			name = Frameworks;
			sourceTree = "<group>";
		};
/* End PBXGroup section */

/* Begin PBXNativeTarget section */
		04073B6B2C0AF18B00F1C6C2 /* AdminShopify */ = {
			isa = PBXNativeTarget;
			buildConfigurationList = 04073B992C0AF18E00F1C6C2 /* Build configuration list for PBXNativeTarget "AdminShopify" */;
			buildPhases = (
				D016CAE8E7ACD15979290124 /* [CP] Check Pods Manifest.lock */,
				04073B682C0AF18B00F1C6C2 /* Sources */,
				04073B692C0AF18B00F1C6C2 /* Frameworks */,
				04073B6A2C0AF18B00F1C6C2 /* Resources */,
				D0EBDE5E3A2A9ECA94510F2F /* [CP] Embed Pods Frameworks */,
			);
			buildRules = (
			);
			dependencies = (
			);
			name = AdminShopify;
			productName = AdminShopify;
			productReference = 04073B6C2C0AF18B00F1C6C2 /* AdminShopify.app */;
			productType = "com.apple.product-type.application";
		};
		04073B842C0AF18E00F1C6C2 /* AdminShopifyTests */ = {
			isa = PBXNativeTarget;
			buildConfigurationList = 04073B9C2C0AF18E00F1C6C2 /* Build configuration list for PBXNativeTarget "AdminShopifyTests" */;
			buildPhases = (
				04073B812C0AF18E00F1C6C2 /* Sources */,
				04073B822C0AF18E00F1C6C2 /* Frameworks */,
				04073B832C0AF18E00F1C6C2 /* Resources */,
			);
			buildRules = (
			);
			dependencies = (
				04073B872C0AF18E00F1C6C2 /* PBXTargetDependency */,
			);
			name = AdminShopifyTests;
			productName = AdminShopifyTests;
			productReference = 04073B852C0AF18E00F1C6C2 /* AdminShopifyTests.xctest */;
			productType = "com.apple.product-type.bundle.unit-test";
		};
		04073B8E2C0AF18E00F1C6C2 /* AdminShopifyUITests */ = {
			isa = PBXNativeTarget;
			buildConfigurationList = 04073B9F2C0AF18E00F1C6C2 /* Build configuration list for PBXNativeTarget "AdminShopifyUITests" */;
			buildPhases = (
				04073B8B2C0AF18E00F1C6C2 /* Sources */,
				04073B8C2C0AF18E00F1C6C2 /* Frameworks */,
				04073B8D2C0AF18E00F1C6C2 /* Resources */,
			);
			buildRules = (
			);
			dependencies = (
				04073B912C0AF18E00F1C6C2 /* PBXTargetDependency */,
			);
			name = AdminShopifyUITests;
			productName = AdminShopifyUITests;
			productReference = 04073B8F2C0AF18E00F1C6C2 /* AdminShopifyUITests.xctest */;
			productType = "com.apple.product-type.bundle.ui-testing";
		};
/* End PBXNativeTarget section */

/* Begin PBXProject section */
		04073B642C0AF18B00F1C6C2 /* Project object */ = {
			isa = PBXProject;
			attributes = {
				BuildIndependentTargetsInParallel = 1;
				LastSwiftUpdateCheck = 1530;
				LastUpgradeCheck = 1530;
				TargetAttributes = {
					04073B6B2C0AF18B00F1C6C2 = {
						CreatedOnToolsVersion = 15.3;
					};
					04073B842C0AF18E00F1C6C2 = {
						CreatedOnToolsVersion = 15.3;
						TestTargetID = 04073B6B2C0AF18B00F1C6C2;
					};
					04073B8E2C0AF18E00F1C6C2 = {
						CreatedOnToolsVersion = 15.3;
						TestTargetID = 04073B6B2C0AF18B00F1C6C2;
					};
				};
			};
			buildConfigurationList = 04073B672C0AF18B00F1C6C2 /* Build configuration list for PBXProject "AdminShopify" */;
			compatibilityVersion = "Xcode 13.0";
			developmentRegion = en;
			hasScannedForEncodings = 0;
			knownRegions = (
				en,
				Base,
			);
			mainGroup = 04073B632C0AF18B00F1C6C2;
			productRefGroup = 04073B6D2C0AF18B00F1C6C2 /* Products */;
			projectDirPath = "";
			projectRoot = "";
			targets = (
				04073B6B2C0AF18B00F1C6C2 /* AdminShopify */,
				04073B842C0AF18E00F1C6C2 /* AdminShopifyTests */,
				04073B8E2C0AF18E00F1C6C2 /* AdminShopifyUITests */,
			);
		};
/* End PBXProject section */

/* Begin PBXResourcesBuildPhase section */
		04073B6A2C0AF18B00F1C6C2 /* Resources */ = {
			isa = PBXResourcesBuildPhase;
			buildActionMask = 2147483647;
			files = (
				04073B7C2C0AF18E00F1C6C2 /* Assets.xcassets in Resources */,
				04073B7F2C0AF18E00F1C6C2 /* Base in Resources */,
				04073B772C0AF18C00F1C6C2 /* Base in Resources */,
				0441FCEB2C0F18CD008959B8 /* PriceRulesTableViewCell.xib in Resources */,
				041E45FB2C0EF25C0071556C /* AllProductsTableViewCell.xib in Resources */,
				04A714BD2C0BE187000F75D6 /* admin.json in Resources */,
				041B0B0C2C23B74200C4B9F6 /* Done.json in Resources */,
			);
			runOnlyForDeploymentPostprocessing = 0;
		};
		04073B832C0AF18E00F1C6C2 /* Resources */ = {
			isa = PBXResourcesBuildPhase;
			buildActionMask = 2147483647;
			files = (
			);
			runOnlyForDeploymentPostprocessing = 0;
		};
		04073B8D2C0AF18E00F1C6C2 /* Resources */ = {
			isa = PBXResourcesBuildPhase;
			buildActionMask = 2147483647;
			files = (
			);
			runOnlyForDeploymentPostprocessing = 0;
		};
/* End PBXResourcesBuildPhase section */

/* Begin PBXShellScriptBuildPhase section */
		D016CAE8E7ACD15979290124 /* [CP] Check Pods Manifest.lock */ = {
			isa = PBXShellScriptBuildPhase;
			buildActionMask = 2147483647;
			files = (
			);
			inputFileListPaths = (
			);
			inputPaths = (
				"${PODS_PODFILE_DIR_PATH}/Podfile.lock",
				"${PODS_ROOT}/Manifest.lock",
			);
			name = "[CP] Check Pods Manifest.lock";
			outputFileListPaths = (
			);
			outputPaths = (
				"$(DERIVED_FILE_DIR)/Pods-AdminShopify-checkManifestLockResult.txt",
			);
			runOnlyForDeploymentPostprocessing = 0;
			shellPath = /bin/sh;
			shellScript = "diff \"${PODS_PODFILE_DIR_PATH}/Podfile.lock\" \"${PODS_ROOT}/Manifest.lock\" > /dev/null\nif [ $? != 0 ] ; then\n    # print error to STDERR\n    echo \"error: The sandbox is not in sync with the Podfile.lock. Run 'pod install' or update your CocoaPods installation.\" >&2\n    exit 1\nfi\n# This output is used by Xcode 'outputs' to avoid re-running this script phase.\necho \"SUCCESS\" > \"${SCRIPT_OUTPUT_FILE_0}\"\n";
			showEnvVarsInLog = 0;
		};
		D0EBDE5E3A2A9ECA94510F2F /* [CP] Embed Pods Frameworks */ = {
			isa = PBXShellScriptBuildPhase;
			buildActionMask = 2147483647;
			files = (
			);
			inputFileListPaths = (
				"${PODS_ROOT}/Target Support Files/Pods-AdminShopify/Pods-AdminShopify-frameworks-${CONFIGURATION}-input-files.xcfilelist",
			);
			name = "[CP] Embed Pods Frameworks";
			outputFileListPaths = (
				"${PODS_ROOT}/Target Support Files/Pods-AdminShopify/Pods-AdminShopify-frameworks-${CONFIGURATION}-output-files.xcfilelist",
			);
			runOnlyForDeploymentPostprocessing = 0;
			shellPath = /bin/sh;
			shellScript = "\"${PODS_ROOT}/Target Support Files/Pods-AdminShopify/Pods-AdminShopify-frameworks.sh\"\n";
			showEnvVarsInLog = 0;
		};
/* End PBXShellScriptBuildPhase section */

/* Begin PBXSourcesBuildPhase section */
		04073B682C0AF18B00F1C6C2 /* Sources */ = {
			isa = PBXSourcesBuildPhase;
			buildActionMask = 2147483647;
			files = (
				040908442C10334E0064E40B /* AvaliableProductViewController.swift in Sources */,
				041E45FC2C0EF25C0071556C /* AllProductsTableViewCell.swift in Sources */,
				04A714C22C0BE311000F75D6 /* LoginViewController.swift in Sources */,
				04DB7B202C0BA51C00D6C3DE /* Constants.swift in Sources */,
				04A4C4272C0E4B7300EB7AFE /* NetworkManager.swift in Sources */,
				04F5324F2C1DAF0D008C83F7 /* DiscountCodeViewController.swift in Sources */,
				04685EB62C12E59300AA390E /* SmartCollection.swift in Sources */,
				04EDC0EE2C15DECB00A9E1E7 /* AddVarientProductViewController.swift in Sources */,
				04F79A992C10F74F00A0205E /* EditableProductDetailsViewController.swift in Sources */,
				04F532552C1DE045008C83F7 /* PostDiscountOrder.swift in Sources */,
				04073B7A2C0AF18C00F1C6C2 /* AdminShopify.xcdatamodeld in Sources */,
				0426BD6A2C1C8DB700F56799 /* GetAllPriceResponse.swift in Sources */,
				04DB7B242C0BA56E00D6C3DE /* Connectivity.swift in Sources */,
				040B27BC2C14428A00ACBC2B /* AddProducts.swift in Sources */,
				048B6C002C136CAC00546854 /* BrandViewModel.swift in Sources */,
				048B6C022C136D1B00546854 /* Endpoint.swift in Sources */,
				040A19872C12617800F49FE5 /* AddNewVarientViewController.swift in Sources */,
				0447F8702C171F4900C22A58 /* AllProductViewModel.swift in Sources */,
				041B53E62C1C615F0026660A /* CreatePriceRuleViewModel.swift in Sources */,
				04F8BEF72C13A08A0031979A /* Secrits.swift in Sources */,
				04F79A9B2C10F79200A0205E /* EditableProductDetailsCollectionViewCell.swift in Sources */,
				048B6C062C13780A00546854 /* BrandProducts.swift in Sources */,
				04F532532C1DB5BE008C83F7 /* GetDiscountCodes.swift in Sources */,
				041E45FE2C0EF61C0071556C /* AllProductsViewController.swift in Sources */,
				04073B742C0AF18B00F1C6C2 /* ViewController.swift in Sources */,
				04F470272C14942E00B031A5 /* AddProductViewModel.swift in Sources */,
				040A197B2C1236AC00F49FE5 /* AddProduct.swift in Sources */,
				041B53E32C1C60ED0026660A /* PriceRuleViewModel.swift in Sources */,
				04073B702C0AF18B00F1C6C2 /* AppDelegate.swift in Sources */,
				042D78C32C0D19E500CE84C2 /* BrandsViewController.swift in Sources */,
				040A197D2C12397B00F49FE5 /* BackVC.swift in Sources */,
				0447F8722C1726CA00C22A58 /* AllProducts.swift in Sources */,
				04F532512C1DB279008C83F7 /* DiscountCodeViewModel.swift in Sources */,
				0441FCEE2C0F1D89008959B8 /* PriceRulesViewController.swift in Sources */,
				042D78C52C0D1CB800CE84C2 /* BrandsCollectionViewCell.swift in Sources */,
				04FBA9C62C17EE9A0078A12E /* EditableViewModel.swift in Sources */,
				04A809AD2C18B8F100129D0E /* UpdatedProductRequest.swift in Sources */,
				04F8BEF52C1389CE0031979A /* BrandProductViewModel.swift in Sources */,
				0441FCEC2C0F18CD008959B8 /* PriceRulesTableViewCell.swift in Sources */,
				0447F8742C17381D00C22A58 /* CreatePriceRule.swift in Sources */,
				04073B722C0AF18B00F1C6C2 /* SceneDelegate.swift in Sources */,
				040A19832C12541500F49FE5 /* AddNewPriceRuleViewController.swift in Sources */,
			);
			runOnlyForDeploymentPostprocessing = 0;
		};
		04073B812C0AF18E00F1C6C2 /* Sources */ = {
			isa = PBXSourcesBuildPhase;
			buildActionMask = 2147483647;
			files = (
				04C14BA12C29A72800C55BB4 /* NetworkApiTesting.swift in Sources */,
				04073B8A2C0AF18E00F1C6C2 /* AdminShopifyTests.swift in Sources */,
			);
			runOnlyForDeploymentPostprocessing = 0;
		};
		04073B8B2C0AF18E00F1C6C2 /* Sources */ = {
			isa = PBXSourcesBuildPhase;
			buildActionMask = 2147483647;
			files = (
				04073B942C0AF18E00F1C6C2 /* AdminShopifyUITests.swift in Sources */,
				04073B962C0AF18E00F1C6C2 /* AdminShopifyUITestsLaunchTests.swift in Sources */,
			);
			runOnlyForDeploymentPostprocessing = 0;
		};
/* End PBXSourcesBuildPhase section */

/* Begin PBXTargetDependency section */
		04073B872C0AF18E00F1C6C2 /* PBXTargetDependency */ = {
			isa = PBXTargetDependency;
			target = 04073B6B2C0AF18B00F1C6C2 /* AdminShopify */;
			targetProxy = 04073B862C0AF18E00F1C6C2 /* PBXContainerItemProxy */;
		};
		04073B912C0AF18E00F1C6C2 /* PBXTargetDependency */ = {
			isa = PBXTargetDependency;
			target = 04073B6B2C0AF18B00F1C6C2 /* AdminShopify */;
			targetProxy = 04073B902C0AF18E00F1C6C2 /* PBXContainerItemProxy */;
		};
/* End PBXTargetDependency section */

/* Begin PBXVariantGroup section */
		04073B752C0AF18C00F1C6C2 /* Main.storyboard */ = {
			isa = PBXVariantGroup;
			children = (
				04073B762C0AF18C00F1C6C2 /* Base */,
			);
			name = Main.storyboard;
			sourceTree = "<group>";
		};
		04073B7D2C0AF18E00F1C6C2 /* LaunchScreen.storyboard */ = {
			isa = PBXVariantGroup;
			children = (
				04073B7E2C0AF18E00F1C6C2 /* Base */,
			);
			name = LaunchScreen.storyboard;
			sourceTree = "<group>";
		};
/* End PBXVariantGroup section */

/* Begin XCBuildConfiguration section */
		04073B972C0AF18E00F1C6C2 /* Debug */ = {
			isa = XCBuildConfiguration;
			buildSettings = {
				ALWAYS_SEARCH_USER_PATHS = NO;
				ASSETCATALOG_COMPILER_GENERATE_SWIFT_ASSET_SYMBOL_EXTENSIONS = YES;
				CLANG_ANALYZER_NONNULL = YES;
				CLANG_ANALYZER_NUMBER_OBJECT_CONVERSION = YES_AGGRESSIVE;
				CLANG_CXX_LANGUAGE_STANDARD = "gnu++20";
				CLANG_ENABLE_MODULES = YES;
				CLANG_ENABLE_OBJC_ARC = YES;
				CLANG_ENABLE_OBJC_WEAK = YES;
				CLANG_WARN_BLOCK_CAPTURE_AUTORELEASING = YES;
				CLANG_WARN_BOOL_CONVERSION = YES;
				CLANG_WARN_COMMA = YES;
				CLANG_WARN_CONSTANT_CONVERSION = YES;
				CLANG_WARN_DEPRECATED_OBJC_IMPLEMENTATIONS = YES;
				CLANG_WARN_DIRECT_OBJC_ISA_USAGE = YES_ERROR;
				CLANG_WARN_DOCUMENTATION_COMMENTS = YES;
				CLANG_WARN_EMPTY_BODY = YES;
				CLANG_WARN_ENUM_CONVERSION = YES;
				CLANG_WARN_INFINITE_RECURSION = YES;
				CLANG_WARN_INT_CONVERSION = YES;
				CLANG_WARN_NON_LITERAL_NULL_CONVERSION = YES;
				CLANG_WARN_OBJC_IMPLICIT_RETAIN_SELF = YES;
				CLANG_WARN_OBJC_LITERAL_CONVERSION = YES;
				CLANG_WARN_OBJC_ROOT_CLASS = YES_ERROR;
				CLANG_WARN_QUOTED_INCLUDE_IN_FRAMEWORK_HEADER = YES;
				CLANG_WARN_RANGE_LOOP_ANALYSIS = YES;
				CLANG_WARN_STRICT_PROTOTYPES = YES;
				CLANG_WARN_SUSPICIOUS_MOVE = YES;
				CLANG_WARN_UNGUARDED_AVAILABILITY = YES_AGGRESSIVE;
				CLANG_WARN_UNREACHABLE_CODE = YES;
				CLANG_WARN__DUPLICATE_METHOD_MATCH = YES;
				COPY_PHASE_STRIP = NO;
				DEBUG_INFORMATION_FORMAT = dwarf;
				ENABLE_STRICT_OBJC_MSGSEND = YES;
				ENABLE_TESTABILITY = YES;
				ENABLE_USER_SCRIPT_SANDBOXING = YES;
				GCC_C_LANGUAGE_STANDARD = gnu17;
				GCC_DYNAMIC_NO_PIC = NO;
				GCC_NO_COMMON_BLOCKS = YES;
				GCC_OPTIMIZATION_LEVEL = 0;
				GCC_PREPROCESSOR_DEFINITIONS = (
					"DEBUG=1",
					"$(inherited)",
				);
				GCC_WARN_64_TO_32_BIT_CONVERSION = YES;
				GCC_WARN_ABOUT_RETURN_TYPE = YES_ERROR;
				GCC_WARN_UNDECLARED_SELECTOR = YES;
				GCC_WARN_UNINITIALIZED_AUTOS = YES_AGGRESSIVE;
				GCC_WARN_UNUSED_FUNCTION = YES;
				GCC_WARN_UNUSED_VARIABLE = YES;
				IPHONEOS_DEPLOYMENT_TARGET = 17.4;
				LOCALIZATION_PREFERS_STRING_CATALOGS = YES;
				MTL_ENABLE_DEBUG_INFO = INCLUDE_SOURCE;
				MTL_FAST_MATH = YES;
				ONLY_ACTIVE_ARCH = YES;
				SDKROOT = iphoneos;
				SWIFT_ACTIVE_COMPILATION_CONDITIONS = "DEBUG $(inherited)";
				SWIFT_OPTIMIZATION_LEVEL = "-Onone";
			};
			name = Debug;
		};
		04073B982C0AF18E00F1C6C2 /* Release */ = {
			isa = XCBuildConfiguration;
			buildSettings = {
				ALWAYS_SEARCH_USER_PATHS = NO;
				ASSETCATALOG_COMPILER_GENERATE_SWIFT_ASSET_SYMBOL_EXTENSIONS = YES;
				CLANG_ANALYZER_NONNULL = YES;
				CLANG_ANALYZER_NUMBER_OBJECT_CONVERSION = YES_AGGRESSIVE;
				CLANG_CXX_LANGUAGE_STANDARD = "gnu++20";
				CLANG_ENABLE_MODULES = YES;
				CLANG_ENABLE_OBJC_ARC = YES;
				CLANG_ENABLE_OBJC_WEAK = YES;
				CLANG_WARN_BLOCK_CAPTURE_AUTORELEASING = YES;
				CLANG_WARN_BOOL_CONVERSION = YES;
				CLANG_WARN_COMMA = YES;
				CLANG_WARN_CONSTANT_CONVERSION = YES;
				CLANG_WARN_DEPRECATED_OBJC_IMPLEMENTATIONS = YES;
				CLANG_WARN_DIRECT_OBJC_ISA_USAGE = YES_ERROR;
				CLANG_WARN_DOCUMENTATION_COMMENTS = YES;
				CLANG_WARN_EMPTY_BODY = YES;
				CLANG_WARN_ENUM_CONVERSION = YES;
				CLANG_WARN_INFINITE_RECURSION = YES;
				CLANG_WARN_INT_CONVERSION = YES;
				CLANG_WARN_NON_LITERAL_NULL_CONVERSION = YES;
				CLANG_WARN_OBJC_IMPLICIT_RETAIN_SELF = YES;
				CLANG_WARN_OBJC_LITERAL_CONVERSION = YES;
				CLANG_WARN_OBJC_ROOT_CLASS = YES_ERROR;
				CLANG_WARN_QUOTED_INCLUDE_IN_FRAMEWORK_HEADER = YES;
				CLANG_WARN_RANGE_LOOP_ANALYSIS = YES;
				CLANG_WARN_STRICT_PROTOTYPES = YES;
				CLANG_WARN_SUSPICIOUS_MOVE = YES;
				CLANG_WARN_UNGUARDED_AVAILABILITY = YES_AGGRESSIVE;
				CLANG_WARN_UNREACHABLE_CODE = YES;
				CLANG_WARN__DUPLICATE_METHOD_MATCH = YES;
				COPY_PHASE_STRIP = NO;
				DEBUG_INFORMATION_FORMAT = "dwarf-with-dsym";
				ENABLE_NS_ASSERTIONS = NO;
				ENABLE_STRICT_OBJC_MSGSEND = YES;
				ENABLE_USER_SCRIPT_SANDBOXING = YES;
				GCC_C_LANGUAGE_STANDARD = gnu17;
				GCC_NO_COMMON_BLOCKS = YES;
				GCC_WARN_64_TO_32_BIT_CONVERSION = YES;
				GCC_WARN_ABOUT_RETURN_TYPE = YES_ERROR;
				GCC_WARN_UNDECLARED_SELECTOR = YES;
				GCC_WARN_UNINITIALIZED_AUTOS = YES_AGGRESSIVE;
				GCC_WARN_UNUSED_FUNCTION = YES;
				GCC_WARN_UNUSED_VARIABLE = YES;
				IPHONEOS_DEPLOYMENT_TARGET = 17.4;
				LOCALIZATION_PREFERS_STRING_CATALOGS = YES;
				MTL_ENABLE_DEBUG_INFO = NO;
				MTL_FAST_MATH = YES;
				SDKROOT = iphoneos;
				SWIFT_COMPILATION_MODE = wholemodule;
				VALIDATE_PRODUCT = YES;
			};
			name = Release;
		};
		04073B9A2C0AF18E00F1C6C2 /* Debug */ = {
			isa = XCBuildConfiguration;
			baseConfigurationReference = 5C7D75F5837A942C57070C14 /* Pods-AdminShopify.debug.xcconfig */;
			buildSettings = {
				ASSETCATALOG_COMPILER_APPICON_NAME = AppIcon;
				ASSETCATALOG_COMPILER_GLOBAL_ACCENT_COLOR_NAME = AccentColor;
				CODE_SIGN_STYLE = Automatic;
				CURRENT_PROJECT_VERSION = 1;
				ENABLE_USER_SCRIPT_SANDBOXING = NO;
				GENERATE_INFOPLIST_FILE = YES;
				INFOPLIST_FILE = AdminShopify/Info.plist;
				INFOPLIST_KEY_UIApplicationSupportsIndirectInputEvents = YES;
				INFOPLIST_KEY_UILaunchStoryboardName = LaunchScreen;
				INFOPLIST_KEY_UIMainStoryboardFile = Main;
				INFOPLIST_KEY_UISupportedInterfaceOrientations_iPad = "UIInterfaceOrientationPortrait UIInterfaceOrientationPortraitUpsideDown UIInterfaceOrientationLandscapeLeft UIInterfaceOrientationLandscapeRight";
				INFOPLIST_KEY_UISupportedInterfaceOrientations_iPhone = "UIInterfaceOrientationPortrait UIInterfaceOrientationLandscapeLeft UIInterfaceOrientationLandscapeRight";
				IPHONEOS_DEPLOYMENT_TARGET = 15.0;
				LD_RUNPATH_SEARCH_PATHS = (
					"$(inherited)",
					"@executable_path/Frameworks",
				);
				MARKETING_VERSION = 1.0;
				PRODUCT_BUNDLE_IDENTIFIER = ITI.AdminShopify;
				PRODUCT_NAME = "$(TARGET_NAME)";
				SWIFT_EMIT_LOC_STRINGS = YES;
				SWIFT_VERSION = 5.0;
				TARGETED_DEVICE_FAMILY = "1,2";
			};
			name = Debug;
		};
		04073B9B2C0AF18E00F1C6C2 /* Release */ = {
			isa = XCBuildConfiguration;
			baseConfigurationReference = F9E17E58945CE9921ABD960A /* Pods-AdminShopify.release.xcconfig */;
			buildSettings = {
				ASSETCATALOG_COMPILER_APPICON_NAME = AppIcon;
				ASSETCATALOG_COMPILER_GLOBAL_ACCENT_COLOR_NAME = AccentColor;
				CODE_SIGN_STYLE = Automatic;
				CURRENT_PROJECT_VERSION = 1;
				ENABLE_USER_SCRIPT_SANDBOXING = NO;
				GENERATE_INFOPLIST_FILE = YES;
				INFOPLIST_FILE = AdminShopify/Info.plist;
				INFOPLIST_KEY_UIApplicationSupportsIndirectInputEvents = YES;
				INFOPLIST_KEY_UILaunchStoryboardName = LaunchScreen;
				INFOPLIST_KEY_UIMainStoryboardFile = Main;
				INFOPLIST_KEY_UISupportedInterfaceOrientations_iPad = "UIInterfaceOrientationPortrait UIInterfaceOrientationPortraitUpsideDown UIInterfaceOrientationLandscapeLeft UIInterfaceOrientationLandscapeRight";
				INFOPLIST_KEY_UISupportedInterfaceOrientations_iPhone = "UIInterfaceOrientationPortrait UIInterfaceOrientationLandscapeLeft UIInterfaceOrientationLandscapeRight";
				IPHONEOS_DEPLOYMENT_TARGET = 15.0;
				LD_RUNPATH_SEARCH_PATHS = (
					"$(inherited)",
					"@executable_path/Frameworks",
				);
				MARKETING_VERSION = 1.0;
				PRODUCT_BUNDLE_IDENTIFIER = ITI.AdminShopify;
				PRODUCT_NAME = "$(TARGET_NAME)";
				SWIFT_EMIT_LOC_STRINGS = YES;
				SWIFT_VERSION = 5.0;
				TARGETED_DEVICE_FAMILY = "1,2";
			};
			name = Release;
		};
		04073B9D2C0AF18E00F1C6C2 /* Debug */ = {
			isa = XCBuildConfiguration;
			buildSettings = {
				ALWAYS_EMBED_SWIFT_STANDARD_LIBRARIES = YES;
				BUNDLE_LOADER = "$(TEST_HOST)";
				CODE_SIGN_STYLE = Automatic;
				CURRENT_PROJECT_VERSION = 1;
				GENERATE_INFOPLIST_FILE = YES;
				IPHONEOS_DEPLOYMENT_TARGET = 17.4;
				MARKETING_VERSION = 1.0;
				PRODUCT_BUNDLE_IDENTIFIER = ITI.AdminShopifyTests;
				PRODUCT_NAME = "$(TARGET_NAME)";
				SWIFT_EMIT_LOC_STRINGS = NO;
				SWIFT_VERSION = 5.0;
				TARGETED_DEVICE_FAMILY = "1,2";
				TEST_HOST = "$(BUILT_PRODUCTS_DIR)/AdminShopify.app/$(BUNDLE_EXECUTABLE_FOLDER_PATH)/AdminShopify";
			};
			name = Debug;
		};
		04073B9E2C0AF18E00F1C6C2 /* Release */ = {
			isa = XCBuildConfiguration;
			buildSettings = {
				ALWAYS_EMBED_SWIFT_STANDARD_LIBRARIES = YES;
				BUNDLE_LOADER = "$(TEST_HOST)";
				CODE_SIGN_STYLE = Automatic;
				CURRENT_PROJECT_VERSION = 1;
				GENERATE_INFOPLIST_FILE = YES;
				IPHONEOS_DEPLOYMENT_TARGET = 17.4;
				MARKETING_VERSION = 1.0;
				PRODUCT_BUNDLE_IDENTIFIER = ITI.AdminShopifyTests;
				PRODUCT_NAME = "$(TARGET_NAME)";
				SWIFT_EMIT_LOC_STRINGS = NO;
				SWIFT_VERSION = 5.0;
				TARGETED_DEVICE_FAMILY = "1,2";
				TEST_HOST = "$(BUILT_PRODUCTS_DIR)/AdminShopify.app/$(BUNDLE_EXECUTABLE_FOLDER_PATH)/AdminShopify";
			};
			name = Release;
		};
		04073BA02C0AF18E00F1C6C2 /* Debug */ = {
			isa = XCBuildConfiguration;
			buildSettings = {
				ALWAYS_EMBED_SWIFT_STANDARD_LIBRARIES = YES;
				CODE_SIGN_STYLE = Automatic;
				CURRENT_PROJECT_VERSION = 1;
				GENERATE_INFOPLIST_FILE = YES;
				MARKETING_VERSION = 1.0;
				PRODUCT_BUNDLE_IDENTIFIER = ITI.AdminShopifyUITests;
				PRODUCT_NAME = "$(TARGET_NAME)";
				SWIFT_EMIT_LOC_STRINGS = NO;
				SWIFT_VERSION = 5.0;
				TARGETED_DEVICE_FAMILY = "1,2";
				TEST_TARGET_NAME = AdminShopify;
			};
			name = Debug;
		};
		04073BA12C0AF18E00F1C6C2 /* Release */ = {
			isa = XCBuildConfiguration;
			buildSettings = {
				ALWAYS_EMBED_SWIFT_STANDARD_LIBRARIES = YES;
				CODE_SIGN_STYLE = Automatic;
				CURRENT_PROJECT_VERSION = 1;
				GENERATE_INFOPLIST_FILE = YES;
				MARKETING_VERSION = 1.0;
				PRODUCT_BUNDLE_IDENTIFIER = ITI.AdminShopifyUITests;
				PRODUCT_NAME = "$(TARGET_NAME)";
				SWIFT_EMIT_LOC_STRINGS = NO;
				SWIFT_VERSION = 5.0;
				TARGETED_DEVICE_FAMILY = "1,2";
				TEST_TARGET_NAME = AdminShopify;
			};
			name = Release;
		};
/* End XCBuildConfiguration section */

/* Begin XCConfigurationList section */
		04073B672C0AF18B00F1C6C2 /* Build configuration list for PBXProject "AdminShopify" */ = {
			isa = XCConfigurationList;
			buildConfigurations = (
				04073B972C0AF18E00F1C6C2 /* Debug */,
				04073B982C0AF18E00F1C6C2 /* Release */,
			);
			defaultConfigurationIsVisible = 0;
			defaultConfigurationName = Release;
		};
		04073B992C0AF18E00F1C6C2 /* Build configuration list for PBXNativeTarget "AdminShopify" */ = {
			isa = XCConfigurationList;
			buildConfigurations = (
				04073B9A2C0AF18E00F1C6C2 /* Debug */,
				04073B9B2C0AF18E00F1C6C2 /* Release */,
			);
			defaultConfigurationIsVisible = 0;
			defaultConfigurationName = Release;
		};
		04073B9C2C0AF18E00F1C6C2 /* Build configuration list for PBXNativeTarget "AdminShopifyTests" */ = {
			isa = XCConfigurationList;
			buildConfigurations = (
				04073B9D2C0AF18E00F1C6C2 /* Debug */,
				04073B9E2C0AF18E00F1C6C2 /* Release */,
			);
			defaultConfigurationIsVisible = 0;
			defaultConfigurationName = Release;
		};
		04073B9F2C0AF18E00F1C6C2 /* Build configuration list for PBXNativeTarget "AdminShopifyUITests" */ = {
			isa = XCConfigurationList;
			buildConfigurations = (
				04073BA02C0AF18E00F1C6C2 /* Debug */,
				04073BA12C0AF18E00F1C6C2 /* Release */,
			);
			defaultConfigurationIsVisible = 0;
			defaultConfigurationName = Release;
		};
/* End XCConfigurationList section */

/* Begin XCVersionGroup section */
		04073B782C0AF18C00F1C6C2 /* AdminShopify.xcdatamodeld */ = {
			isa = XCVersionGroup;
			children = (
				04073B792C0AF18C00F1C6C2 /* AdminShopify.xcdatamodel */,
			);
			currentVersion = 04073B792C0AF18C00F1C6C2 /* AdminShopify.xcdatamodel */;
			path = AdminShopify.xcdatamodeld;
			sourceTree = "<group>";
			versionGroupType = wrapper.xcdatamodel;
		};
/* End XCVersionGroup section */
	};
	rootObject = 04073B642C0AF18B00F1C6C2 /* Project object */;
}
